
Microsoft Visual Studio Solution File, Format Version 12.00
# Visual Studio Express 2013 for Web
VisualStudioVersion = 12.0.30723.0
MinimumVisualStudioVersion = 10.0.40219.1
Project("{FAE04EC0-301F-11D3-BF4B-00C04F79EFBC}") = "HomeSharedMVC", "HomeSharedMVC\HomeSharedMVC.csproj", "{5A520E9F-1102-4E90-8C4B-B160F93A9546}"
EndProject
Project("{FAE04EC0-301F-11D3-BF4B-00C04F79EFBC}") = "HomeShareDAL", "HomeShareDAL\HomeShareDAL.csproj", "{86FAE085-BC9A-411A-97AE-6C4A789B1C32}"
EndProject
Global
	GlobalSection(SolutionConfigurationPlatforms) = preSolution
		Debug|Any CPU = Debug|Any CPU
		Release|Any CPU = Release|Any CPU
	EndGlobalSection
	GlobalSection(ProjectConfigurationPlatforms) = postSolution
		{5A520E9F-1102-4E90-8C4B-B160F93A9546}.Debug|Any CPU.ActiveCfg = Debug|Any CPU
		{5A520E9F-1102-4E90-8C4B-B160F93A9546}.Debug|Any CPU.Build.0 = Debug|Any CPU
		{5A520E9F-1102-4E90-8C4B-B160F93A9546}.Release|Any CPU.ActiveCfg = Release|Any CPU
		{5A520E9F-1102-4E90-8C4B-B160F93A9546}.Release|Any CPU.Build.0 = Release|Any CPU
		{86FAE085-BC9A-411A-97AE-6C4A789B1C32}.Debug|Any CPU.ActiveCfg = Debug|Any CPU
		{86FAE085-BC9A-411A-97AE-6C4A789B1C32}.Debug|Any CPU.Build.0 = Debug|Any CPU
		{86FAE085-BC9A-411A-97AE-6C4A789B1C32}.Release|Any CPU.ActiveCfg = Release|Any CPU
		{86FAE085-BC9A-411A-97AE-6C4A789B1C32}.Release|Any CPU.Build.0 = Release|Any CPU
	EndGlobalSection
	GlobalSection(SolutionProperties) = preSolution
		HideSolutionNode = FALSE
	EndGlobalSection
EndGlobal
